// !$*UTF8*$!
{
	archiveVersion = 1;
	classes = {
	};
	objectVersion = 56;
	objects = {

/* Begin PBXBuildFile section */
		987D19602ABF10D00061828E /* funcRating.swift in Sources */ = {isa = PBXBuildFile; fileRef = 987D195F2ABF10D00061828E /* funcRating.swift */; };
		987D19622ABF18F20061828E /* AllReviewsTVC.swift in Sources */ = {isa = PBXBuildFile; fileRef = 987D19612ABF18F20061828E /* AllReviewsTVC.swift */; };
		987D19652ABF1CB80061828E /* ReviewsCell.swift in Sources */ = {isa = PBXBuildFile; fileRef = 987D19642ABF1CB80061828E /* ReviewsCell.swift */; };
		988250502ABD9EA900E8FDC9 /* AppDelegate.swift in Sources */ = {isa = PBXBuildFile; fileRef = 9882504F2ABD9EA900E8FDC9 /* AppDelegate.swift */; };
		988250522ABD9EA900E8FDC9 /* SceneDelegate.swift in Sources */ = {isa = PBXBuildFile; fileRef = 988250512ABD9EA900E8FDC9 /* SceneDelegate.swift */; };
		988250572ABD9EA900E8FDC9 /* Main.storyboard in Resources */ = {isa = PBXBuildFile; fileRef = 988250552ABD9EA900E8FDC9 /* Main.storyboard */; };
		988250592ABD9EAA00E8FDC9 /* Assets.xcassets in Resources */ = {isa = PBXBuildFile; fileRef = 988250582ABD9EAA00E8FDC9 /* Assets.xcassets */; };
		9882505C2ABD9EAA00E8FDC9 /* LaunchScreen.storyboard in Resources */ = {isa = PBXBuildFile; fileRef = 9882505A2ABD9EAA00E8FDC9 /* LaunchScreen.storyboard */; };
		988250682ABD9FC500E8FDC9 /* ModelDevices.swift in Sources */ = {isa = PBXBuildFile; fileRef = 988250672ABD9FC500E8FDC9 /* ModelDevices.swift */; };
		9882506A2ABDA03600E8FDC9 /* Feedback.swift in Sources */ = {isa = PBXBuildFile; fileRef = 988250692ABDA03600E8FDC9 /* Feedback.swift */; };
		9882506D2ABDA14600E8FDC9 /* DataService.swift in Sources */ = {isa = PBXBuildFile; fileRef = 9882506C2ABDA14600E8FDC9 /* DataService.swift */; };
		988250702ABDAD1D00E8FDC9 /* DevicesTVC.swift in Sources */ = {isa = PBXBuildFile; fileRef = 9882506F2ABDAD1D00E8FDC9 /* DevicesTVC.swift */; };
		988250762ABDAEBD00E8FDC9 /* DevicesCell.swift in Sources */ = {isa = PBXBuildFile; fileRef = 988250742ABDAEBD00E8FDC9 /* DevicesCell.swift */; };
		9882507A2ABDD68D00E8FDC9 /* DetailsVC.swift in Sources */ = {isa = PBXBuildFile; fileRef = 988250792ABDD68D00E8FDC9 /* DetailsVC.swift */; };
		9882507C2ABDDE0E00E8FDC9 /* ExtencionUIVC.swift in Sources */ = {isa = PBXBuildFile; fileRef = 9882507B2ABDDE0E00E8FDC9 /* ExtencionUIVC.swift */; };
		9882507E2ABDE2E000E8FDC9 /* CreateReviewVC.swift in Sources */ = {isa = PBXBuildFile; fileRef = 9882507D2ABDE2E000E8FDC9 /* CreateReviewVC.swift */; };
/* End PBXBuildFile section */

/* Begin PBXFileReference section */
		987D195F2ABF10D00061828E /* funcRating.swift */ = {isa = PBXFileReference; lastKnownFileType = sourcecode.swift; path = funcRating.swift; sourceTree = "<group>"; };
		987D19612ABF18F20061828E /* AllReviewsTVC.swift */ = {isa = PBXFileReference; lastKnownFileType = sourcecode.swift; path = AllReviewsTVC.swift; sourceTree = "<group>"; };
		987D19642ABF1CB80061828E /* ReviewsCell.swift */ = {isa = PBXFileReference; lastKnownFileType = sourcecode.swift; path = ReviewsCell.swift; sourceTree = "<group>"; };
		9882504C2ABD9EA900E8FDC9 /* HomeWork22.app */ = {isa = PBXFileReference; explicitFileType = wrapper.application; includeInIndex = 0; path = HomeWork22.app; sourceTree = BUILT_PRODUCTS_DIR; };
		9882504F2ABD9EA900E8FDC9 /* AppDelegate.swift */ = {isa = PBXFileReference; lastKnownFileType = sourcecode.swift; path = AppDelegate.swift; sourceTree = "<group>"; };
		988250512ABD9EA900E8FDC9 /* SceneDelegate.swift */ = {isa = PBXFileReference; lastKnownFileType = sourcecode.swift; path = SceneDelegate.swift; sourceTree = "<group>"; };
		988250562ABD9EA900E8FDC9 /* Base */ = {isa = PBXFileReference; lastKnownFileType = file.storyboard; name = Base; path = Base.lproj/Main.storyboard; sourceTree = "<group>"; };
		988250582ABD9EAA00E8FDC9 /* Assets.xcassets */ = {isa = PBXFileReference; lastKnownFileType = folder.assetcatalog; path = Assets.xcassets; sourceTree = "<group>"; };
		9882505B2ABD9EAA00E8FDC9 /* Base */ = {isa = PBXFileReference; lastKnownFileType = file.storyboard; name = Base; path = Base.lproj/LaunchScreen.storyboard; sourceTree = "<group>"; };
		9882505D2ABD9EAA00E8FDC9 /* Info.plist */ = {isa = PBXFileReference; lastKnownFileType = text.plist.xml; path = Info.plist; sourceTree = "<group>"; };
		988250672ABD9FC500E8FDC9 /* ModelDevices.swift */ = {isa = PBXFileReference; lastKnownFileType = sourcecode.swift; path = ModelDevices.swift; sourceTree = "<group>"; };
		988250692ABDA03600E8FDC9 /* Feedback.swift */ = {isa = PBXFileReference; lastKnownFileType = sourcecode.swift; path = Feedback.swift; sourceTree = "<group>"; };
		9882506C2ABDA14600E8FDC9 /* DataService.swift */ = {isa = PBXFileReference; lastKnownFileType = sourcecode.swift; path = DataService.swift; sourceTree = "<group>"; };
		9882506F2ABDAD1D00E8FDC9 /* DevicesTVC.swift */ = {isa = PBXFileReference; lastKnownFileType = sourcecode.swift; path = DevicesTVC.swift; sourceTree = "<group>"; };
		988250742ABDAEBD00E8FDC9 /* DevicesCell.swift */ = {isa = PBXFileReference; lastKnownFileType = sourcecode.swift; path = DevicesCell.swift; sourceTree = "<group>"; };
		988250792ABDD68D00E8FDC9 /* DetailsVC.swift */ = {isa = PBXFileReference; lastKnownFileType = sourcecode.swift; path = DetailsVC.swift; sourceTree = "<group>"; };
		9882507B2ABDDE0E00E8FDC9 /* ExtencionUIVC.swift */ = {isa = PBXFileReference; lastKnownFileType = sourcecode.swift; path = ExtencionUIVC.swift; sourceTree = "<group>"; };
		9882507D2ABDE2E000E8FDC9 /* CreateReviewVC.swift */ = {isa = PBXFileReference; lastKnownFileType = sourcecode.swift; path = CreateReviewVC.swift; sourceTree = "<group>"; };
/* End PBXFileReference section */

/* Begin PBXFrameworksBuildPhase section */
		988250492ABD9EA900E8FDC9 /* Frameworks */ = {
			isa = PBXFrameworksBuildPhase;
			buildActionMask = 2147483647;
			files = (
			);
			runOnlyForDeploymentPostprocessing = 0;
		};
/* End PBXFrameworksBuildPhase section */

/* Begin PBXGroup section */
		987D195E2ABF10BC0061828E /* Extencions */ = {
			isa = PBXGroup;
			children = (
				9882507B2ABDDE0E00E8FDC9 /* ExtencionUIVC.swift */,
			);
			path = Extencions;
			sourceTree = "<group>";
		};
		987D19632ABF1C980061828E /* ReviewsCell */ = {
			isa = PBXGroup;
			children = (
				987D19642ABF1CB80061828E /* ReviewsCell.swift */,
			);
			path = ReviewsCell;
			sourceTree = "<group>";
		};
		988250432ABD9EA900E8FDC9 = {
			isa = PBXGroup;
			children = (
				9882504E2ABD9EA900E8FDC9 /* HomeWork22 */,
				9882504D2ABD9EA900E8FDC9 /* Products */,
			);
			sourceTree = "<group>";
		};
		9882504D2ABD9EA900E8FDC9 /* Products */ = {
			isa = PBXGroup;
			children = (
				9882504C2ABD9EA900E8FDC9 /* HomeWork22.app */,
			);
			name = Products;
			sourceTree = "<group>";
		};
		9882504E2ABD9EA900E8FDC9 /* HomeWork22 */ = {
			isa = PBXGroup;
			children = (
				988250662ABD9FAC00E8FDC9 /* Models */,
				9882506B2ABDA13600E8FDC9 /* Sevices */,
				988250652ABD9ECB00E8FDC9 /* Controllers */,
				988250642ABD9EC200E8FDC9 /* Views */,
				988250712ABDADC900E8FDC9 /* CustomCell */,
				988250582ABD9EAA00E8FDC9 /* Assets.xcassets */,
				9882505D2ABD9EAA00E8FDC9 /* Info.plist */,
				988250632ABD9EB300E8FDC9 /* App */,
				987D195E2ABF10BC0061828E /* Extencions */,
			);
			path = HomeWork22;
			sourceTree = "<group>";
		};
		988250632ABD9EB300E8FDC9 /* App */ = {
			isa = PBXGroup;
			children = (
				9882504F2ABD9EA900E8FDC9 /* AppDelegate.swift */,
				988250512ABD9EA900E8FDC9 /* SceneDelegate.swift */,
			);
			path = App;
			sourceTree = "<group>";
		};
		988250642ABD9EC200E8FDC9 /* Views */ = {
			isa = PBXGroup;
			children = (
				988250552ABD9EA900E8FDC9 /* Main.storyboard */,
				9882505A2ABD9EAA00E8FDC9 /* LaunchScreen.storyboard */,
			);
			path = Views;
			sourceTree = "<group>";
		};
		988250652ABD9ECB00E8FDC9 /* Controllers */ = {
			isa = PBXGroup;
			children = (
				9882506F2ABDAD1D00E8FDC9 /* DevicesTVC.swift */,
				988250792ABDD68D00E8FDC9 /* DetailsVC.swift */,
				9882507D2ABDE2E000E8FDC9 /* CreateReviewVC.swift */,
				987D19612ABF18F20061828E /* AllReviewsTVC.swift */,
			);
			path = Controllers;
			sourceTree = "<group>";
		};
		988250662ABD9FAC00E8FDC9 /* Models */ = {
			isa = PBXGroup;
			children = (
				988250672ABD9FC500E8FDC9 /* ModelDevices.swift */,
				988250692ABDA03600E8FDC9 /* Feedback.swift */,
			);
			path = Models;
			sourceTree = "<group>";
		};
		9882506B2ABDA13600E8FDC9 /* Sevices */ = {
			isa = PBXGroup;
			children = (
				987D195F2ABF10D00061828E /* funcRating.swift */,
				9882506C2ABDA14600E8FDC9 /* DataService.swift */,
			);
			path = Sevices;
			sourceTree = "<group>";
		};
		988250712ABDADC900E8FDC9 /* CustomCell */ = {
			isa = PBXGroup;
			children = (
				987D19632ABF1C980061828E /* ReviewsCell */,
				988250782ABDAEC600E8FDC9 /* DevicesCell */,
			);
			path = CustomCell;
			sourceTree = "<group>";
		};
		988250782ABDAEC600E8FDC9 /* DevicesCell */ = {
			isa = PBXGroup;
			children = (
				988250742ABDAEBD00E8FDC9 /* DevicesCell.swift */,
			);
			path = DevicesCell;
			sourceTree = "<group>";
		};
/* End PBXGroup section */

/* Begin PBXNativeTarget section */
		9882504B2ABD9EA900E8FDC9 /* HomeWork22 */ = {
			isa = PBXNativeTarget;
			buildConfigurationList = 988250602ABD9EAA00E8FDC9 /* Build configuration list for PBXNativeTarget "HomeWork22" */;
			buildPhases = (
				988250482ABD9EA900E8FDC9 /* Sources */,
				988250492ABD9EA900E8FDC9 /* Frameworks */,
				9882504A2ABD9EA900E8FDC9 /* Resources */,
			);
			buildRules = (
			);
			dependencies = (
			);
			name = HomeWork22;
			productName = HomeWork22;
			productReference = 9882504C2ABD9EA900E8FDC9 /* HomeWork22.app */;
			productType = "com.apple.product-type.application";
		};
/* End PBXNativeTarget section */

/* Begin PBXProject section */
		988250442ABD9EA900E8FDC9 /* Project object */ = {
			isa = PBXProject;
			attributes = {
				BuildIndependentTargetsInParallel = 1;
				LastSwiftUpdateCheck = 1500;
				LastUpgradeCheck = 1500;
				TargetAttributes = {
					9882504B2ABD9EA900E8FDC9 = {
						CreatedOnToolsVersion = 15.0;
					};
				};
			};
			buildConfigurationList = 988250472ABD9EA900E8FDC9 /* Build configuration list for PBXProject "HomeWork22" */;
			compatibilityVersion = "Xcode 14.0";
			developmentRegion = en;
			hasScannedForEncodings = 0;
			knownRegions = (
				en,
				Base,
			);
			mainGroup = 988250432ABD9EA900E8FDC9;
			productRefGroup = 9882504D2ABD9EA900E8FDC9 /* Products */;
			projectDirPath = "";
			projectRoot = "";
			targets = (
				9882504B2ABD9EA900E8FDC9 /* HomeWork22 */,
			);
		};
/* End PBXProject section */

/* Begin PBXResourcesBuildPhase section */
		9882504A2ABD9EA900E8FDC9 /* Resources */ = {
			isa = PBXResourcesBuildPhase;
			buildActionMask = 2147483647;
			files = (
				9882505C2ABD9EAA00E8FDC9 /* LaunchScreen.storyboard in Resources */,
				988250592ABD9EAA00E8FDC9 /* Assets.xcassets in Resources */,
				988250572ABD9EA900E8FDC9 /* Main.storyboard in Resources */,
			);
			runOnlyForDeploymentPostprocessing = 0;
		};
/* End PBXResourcesBuildPhase section */

/* Begin PBXSourcesBuildPhase section */
		988250482ABD9EA900E8FDC9 /* Sources */ = {
			isa = PBXSourcesBuildPhase;
			buildActionMask = 2147483647;
			files = (
				988250682ABD9FC500E8FDC9 /* ModelDevices.swift in Sources */,
				9882507A2ABDD68D00E8FDC9 /* DetailsVC.swift in Sources */,
				988250702ABDAD1D00E8FDC9 /* DevicesTVC.swift in Sources */,
				988250502ABD9EA900E8FDC9 /* AppDelegate.swift in Sources */,
				987D19652ABF1CB80061828E /* ReviewsCell.swift in Sources */,
				9882506A2ABDA03600E8FDC9 /* Feedback.swift in Sources */,
				987D19622ABF18F20061828E /* AllReviewsTVC.swift in Sources */,
				988250522ABD9EA900E8FDC9 /* SceneDelegate.swift in Sources */,
				9882507E2ABDE2E000E8FDC9 /* CreateReviewVC.swift in Sources */,
				988250762ABDAEBD00E8FDC9 /* DevicesCell.swift in Sources */,
				987D19602ABF10D00061828E /* funcRating.swift in Sources */,
				9882506D2ABDA14600E8FDC9 /* DataService.swift in Sources */,
				9882507C2ABDDE0E00E8FDC9 /* ExtencionUIVC.swift in Sources */,
			);
			runOnlyForDeploymentPostprocessing = 0;
		};
/* End PBXSourcesBuildPhase section */

/* Begin PBXVariantGroup section */
		988250552ABD9EA900E8FDC9 /* Main.storyboard */ = {
			isa = PBXVariantGroup;
			children = (
				988250562ABD9EA900E8FDC9 /* Base */,
			);
			name = Main.storyboard;
			sourceTree = "<group>";
		};
		9882505A2ABD9EAA00E8FDC9 /* LaunchScreen.storyboard */ = {
			isa = PBXVariantGroup;
			children = (
				9882505B2ABD9EAA00E8FDC9 /* Base */,
			);
			name = LaunchScreen.storyboard;
			sourceTree = "<group>";
		};
/* End PBXVariantGroup section */

/* Begin XCBuildConfiguration section */
		9882505E2ABD9EAA00E8FDC9 /* Debug */ = {
			isa = XCBuildConfiguration;
			buildSettings = {
				ALWAYS_SEARCH_USER_PATHS = NO;
				ASSETCATALOG_COMPILER_GENERATE_SWIFT_ASSET_SYMBOL_EXTENSIONS = YES;
				CLANG_ANALYZER_NONNULL = YES;
				CLANG_ANALYZER_NUMBER_OBJECT_CONVERSION = YES_AGGRESSIVE;
				CLANG_CXX_LANGUAGE_STANDARD = "gnu++20";
				CLANG_ENABLE_MODULES = YES;
				CLANG_ENABLE_OBJC_ARC = YES;
				CLANG_ENABLE_OBJC_WEAK = YES;
				CLANG_WARN_BLOCK_CAPTURE_AUTORELEASING = YES;
				CLANG_WARN_BOOL_CONVERSION = YES;
				CLANG_WARN_COMMA = YES;
				CLANG_WARN_CONSTANT_CONVERSION = YES;
				CLANG_WARN_DEPRECATED_OBJC_IMPLEMENTATIONS = YES;
				CLANG_WARN_DIRECT_OBJC_ISA_USAGE = YES_ERROR;
				CLANG_WARN_DOCUMENTATION_COMMENTS = YES;
				CLANG_WARN_EMPTY_BODY = YES;
				CLANG_WARN_ENUM_CONVERSION = YES;
				CLANG_WARN_INFINITE_RECURSION = YES;
				CLANG_WARN_INT_CONVERSION = YES;
				CLANG_WARN_NON_LITERAL_NULL_CONVERSION = YES;
				CLANG_WARN_OBJC_IMPLICIT_RETAIN_SELF = YES;
				CLANG_WARN_OBJC_LITERAL_CONVERSION = YES;
				CLANG_WARN_OBJC_ROOT_CLASS = YES_ERROR;
				CLANG_WARN_QUOTED_INCLUDE_IN_FRAMEWORK_HEADER = YES;
				CLANG_WARN_RANGE_LOOP_ANALYSIS = YES;
				CLANG_WARN_STRICT_PROTOTYPES = YES;
				CLANG_WARN_SUSPICIOUS_MOVE = YES;
				CLANG_WARN_UNGUARDED_AVAILABILITY = YES_AGGRESSIVE;
				CLANG_WARN_UNREACHABLE_CODE = YES;
				CLANG_WARN__DUPLICATE_METHOD_MATCH = YES;
				COPY_PHASE_STRIP = NO;
				DEBUG_INFORMATION_FORMAT = dwarf;
				ENABLE_STRICT_OBJC_MSGSEND = YES;
				ENABLE_TESTABILITY = YES;
				ENABLE_USER_SCRIPT_SANDBOXING = YES;
				GCC_C_LANGUAGE_STANDARD = gnu17;
				GCC_DYNAMIC_NO_PIC = NO;
				GCC_NO_COMMON_BLOCKS = YES;
				GCC_OPTIMIZATION_LEVEL = 0;
				GCC_PREPROCESSOR_DEFINITIONS = (
					"DEBUG=1",
					"$(inherited)",
				);
				GCC_WARN_64_TO_32_BIT_CONVERSION = YES;
				GCC_WARN_ABOUT_RETURN_TYPE = YES_ERROR;
				GCC_WARN_UNDECLARED_SELECTOR = YES;
				GCC_WARN_UNINITIALIZED_AUTOS = YES_AGGRESSIVE;
				GCC_WARN_UNUSED_FUNCTION = YES;
				GCC_WARN_UNUSED_VARIABLE = YES;
				IPHONEOS_DEPLOYMENT_TARGET = 17.0;
				LOCALIZATION_PREFERS_STRING_CATALOGS = YES;
				MTL_ENABLE_DEBUG_INFO = INCLUDE_SOURCE;
				MTL_FAST_MATH = YES;
				ONLY_ACTIVE_ARCH = YES;
				SDKROOT = iphoneos;
				SWIFT_ACTIVE_COMPILATION_CONDITIONS = "DEBUG $(inherited)";
				SWIFT_OPTIMIZATION_LEVEL = "-Onone";
			};
			name = Debug;
		};
		9882505F2ABD9EAA00E8FDC9 /* Release */ = {
			isa = XCBuildConfiguration;
			buildSettings = {
				ALWAYS_SEARCH_USER_PATHS = NO;
				ASSETCATALOG_COMPILER_GENERATE_SWIFT_ASSET_SYMBOL_EXTENSIONS = YES;
				CLANG_ANALYZER_NONNULL = YES;
				CLANG_ANALYZER_NUMBER_OBJECT_CONVERSION = YES_AGGRESSIVE;
				CLANG_CXX_LANGUAGE_STANDARD = "gnu++20";
				CLANG_ENABLE_MODULES = YES;
				CLANG_ENABLE_OBJC_ARC = YES;
				CLANG_ENABLE_OBJC_WEAK = YES;
				CLANG_WARN_BLOCK_CAPTURE_AUTORELEASING = YES;
				CLANG_WARN_BOOL_CONVERSION = YES;
				CLANG_WARN_COMMA = YES;
				CLANG_WARN_CONSTANT_CONVERSION = YES;
				CLANG_WARN_DEPRECATED_OBJC_IMPLEMENTATIONS = YES;
				CLANG_WARN_DIRECT_OBJC_ISA_USAGE = YES_ERROR;
				CLANG_WARN_DOCUMENTATION_COMMENTS = YES;
				CLANG_WARN_EMPTY_BODY = YES;
				CLANG_WARN_ENUM_CONVERSION = YES;
				CLANG_WARN_INFINITE_RECURSION = YES;
				CLANG_WARN_INT_CONVERSION = YES;
				CLANG_WARN_NON_LITERAL_NULL_CONVERSION = YES;
				CLANG_WARN_OBJC_IMPLICIT_RETAIN_SELF = YES;
				CLANG_WARN_OBJC_LITERAL_CONVERSION = YES;
				CLANG_WARN_OBJC_ROOT_CLASS = YES_ERROR;
				CLANG_WARN_QUOTED_INCLUDE_IN_FRAMEWORK_HEADER = YES;
				CLANG_WARN_RANGE_LOOP_ANALYSIS = YES;
				CLANG_WARN_STRICT_PROTOTYPES = YES;
				CLANG_WARN_SUSPICIOUS_MOVE = YES;
				CLANG_WARN_UNGUARDED_AVAILABILITY = YES_AGGRESSIVE;
				CLANG_WARN_UNREACHABLE_CODE = YES;
				CLANG_WARN__DUPLICATE_METHOD_MATCH = YES;
				COPY_PHASE_STRIP = NO;
				DEBUG_INFORMATION_FORMAT = "dwarf-with-dsym";
				ENABLE_NS_ASSERTIONS = NO;
				ENABLE_STRICT_OBJC_MSGSEND = YES;
				ENABLE_USER_SCRIPT_SANDBOXING = YES;
				GCC_C_LANGUAGE_STANDARD = gnu17;
				GCC_NO_COMMON_BLOCKS = YES;
				GCC_WARN_64_TO_32_BIT_CONVERSION = YES;
				GCC_WARN_ABOUT_RETURN_TYPE = YES_ERROR;
				GCC_WARN_UNDECLARED_SELECTOR = YES;
				GCC_WARN_UNINITIALIZED_AUTOS = YES_AGGRESSIVE;
				GCC_WARN_UNUSED_FUNCTION = YES;
				GCC_WARN_UNUSED_VARIABLE = YES;
				IPHONEOS_DEPLOYMENT_TARGET = 17.0;
				LOCALIZATION_PREFERS_STRING_CATALOGS = YES;
				MTL_ENABLE_DEBUG_INFO = NO;
				MTL_FAST_MATH = YES;
				SDKROOT = iphoneos;
				SWIFT_COMPILATION_MODE = wholemodule;
				VALIDATE_PRODUCT = YES;
			};
			name = Release;
		};
		988250612ABD9EAA00E8FDC9 /* Debug */ = {
			isa = XCBuildConfiguration;
			buildSettings = {
				ASSETCATALOG_COMPILER_APPICON_NAME = AppIcon;
				ASSETCATALOG_COMPILER_GLOBAL_ACCENT_COLOR_NAME = AccentColor;
				CODE_SIGN_IDENTITY = "Apple Development";
				CODE_SIGN_STYLE = Automatic;
				CURRENT_PROJECT_VERSION = 1;
				DEVELOPMENT_TEAM = MCK9LL98Q8;
				GENERATE_INFOPLIST_FILE = YES;
				INFOPLIST_FILE = HomeWork22/Info.plist;
				INFOPLIST_KEY_CFBundleDisplayName = iStore;
				INFOPLIST_KEY_UIApplicationSupportsIndirectInputEvents = YES;
				INFOPLIST_KEY_UILaunchStoryboardName = LaunchScreen;
				INFOPLIST_KEY_UIMainStoryboardFile = Main;
				INFOPLIST_KEY_UISupportedInterfaceOrientations = "UIInterfaceOrientationLandscapeLeft UIInterfaceOrientationLandscapeRight UIInterfaceOrientationPortrait";
				INFOPLIST_KEY_UISupportedInterfaceOrientations_iPad = UIInterfaceOrientationPortrait;
				LD_RUNPATH_SEARCH_PATHS = (
					"$(inherited)",
					"@executable_path/Frameworks",
				);
				MARKETING_VERSION = 1.0;
				PRODUCT_BUNDLE_IDENTIFIER = by.HomeWork22;
				PRODUCT_NAME = "$(TARGET_NAME)";
				PROVISIONING_PROFILE_SPECIFIER = "";
				SWIFT_EMIT_LOC_STRINGS = YES;
				SWIFT_VERSION = 5.0;
				TARGETED_DEVICE_FAMILY = "1,2";
			};
			name = Debug;
		};
		988250622ABD9EAA00E8FDC9 /* Release */ = {
			isa = XCBuildConfiguration;
			buildSettings = {
				ASSETCATALOG_COMPILER_APPICON_NAME = AppIcon;
				ASSETCATALOG_COMPILER_GLOBAL_ACCENT_COLOR_NAME = AccentColor;
				CODE_SIGN_IDENTITY = "Apple Development";
				CODE_SIGN_STYLE = Automatic;
				CURRENT_PROJECT_VERSION = 1;
				DEVELOPMENT_TEAM = MCK9LL98Q8;
				GENERATE_INFOPLIST_FILE = YES;
				INFOPLIST_FILE = HomeWork22/Info.plist;
				INFOPLIST_KEY_CFBundleDisplayName = iStore;
				INFOPLIST_KEY_UIApplicationSupportsIndirectInputEvents = YES;
				INFOPLIST_KEY_UILaunchStoryboardName = LaunchScreen;
				INFOPLIST_KEY_UIMainStoryboardFile = Main;
				INFOPLIST_KEY_UISupportedInterfaceOrientations = "UIInterfaceOrientationLandscapeLeft UIInterfaceOrientationLandscapeRight UIInterfaceOrientationPortrait";
				INFOPLIST_KEY_UISupportedInterfaceOrientations_iPad = UIInterfaceOrientationPortrait;
				LD_RUNPATH_SEARCH_PATHS = (
					"$(inherited)",
					"@executable_path/Frameworks",
				);
				MARKETING_VERSION = 1.0;
				PRODUCT_BUNDLE_IDENTIFIER = by.HomeWork22;
				PRODUCT_NAME = "$(TARGET_NAME)";
				PROVISIONING_PROFILE_SPECIFIER = "";
				SWIFT_EMIT_LOC_STRINGS = YES;
				SWIFT_VERSION = 5.0;
				TARGETED_DEVICE_FAMILY = "1,2";
			};
			name = Release;
		};
/* End XCBuildConfiguration section */

/* Begin XCConfigurationList section */
		988250472ABD9EA900E8FDC9 /* Build configuration list for PBXProject "HomeWork22" */ = {
			isa = XCConfigurationList;
			buildConfigurations = (
				9882505E2ABD9EAA00E8FDC9 /* Debug */,
				9882505F2ABD9EAA00E8FDC9 /* Release */,
			);
			defaultConfigurationIsVisible = 0;
			defaultConfigurationName = Release;
		};
		988250602ABD9EAA00E8FDC9 /* Build configuration list for PBXNativeTarget "HomeWork22" */ = {
			isa = XCConfigurationList;
			buildConfigurations = (
				988250612ABD9EAA00E8FDC9 /* Debug */,
				988250622ABD9EAA00E8FDC9 /* Release */,
			);
			defaultConfigurationIsVisible = 0;
			defaultConfigurationName = Release;
		};
/* End XCConfigurationList section */
	};
	rootObject = 988250442ABD9EA900E8FDC9 /* Project object */;
}
